
Microsoft Visual Studio Solution File, Format Version 12.00
# Visual Studio 15
VisualStudioVersion = 15.0.27428.2037
MinimumVisualStudioVersion = 10.0.40219.1
Project("{FAE04EC0-301F-11D3-BF4B-00C04F79EFBC}") = "TwitchBot", "TwitchBot\TwitchBot.csproj", "{711DFD10-8AE1-4F79-B87D-B620AAB8AC67}"
EndProject
Global
	GlobalSection(SolutionConfigurationPlatforms) = preSolution
		Debug|Any CPU = Debug|Any CPU
		Release|Any CPU = Release|Any CPU
	EndGlobalSection
	GlobalSection(ProjectConfigurationPlatforms) = postSolution
		{711DFD10-8AE1-4F79-B87D-B620AAB8AC67}.Debug|Any CPU.ActiveCfg = Debug|Any CPU
		{711DFD10-8AE1-4F79-B87D-B620AAB8AC67}.Debug|Any CPU.Build.0 = Debug|Any CPU
		{711DFD10-8AE1-4F79-B87D-B620AAB8AC67}.Release|Any CPU.ActiveCfg = Release|Any CPU
		{711DFD10-8AE1-4F79-B87D-B620AAB8AC67}.Release|Any CPU.Build.0 = Release|Any CPU
	EndGlobalSection
	GlobalSection(SolutionProperties) = preSolution
		HideSolutionNode = FALSE
	EndGlobalSection
	GlobalSection(ExtensibilityGlobals) = postSolution
		SolutionGuid = {4CE48D69-F664-41BA-9E97-3CBB4AA1E251}
	EndGlobalSection
EndGlobal
